{
  "name": "flow-utils",
  "version": "1.0.0",
  "lockfileVersion": 2,
  "requires": true,
  "packages": {
    "": {
      "name": "flow-utils",
      "version": "1.0.0",
      "license": "ISC",
      "dependencies": {
        "@flowtyio/flow-contracts": "0.1.0-beta.3"
      }
    },
    "node_modules/@flowtyio/flow-contracts": {
      "version": "0.1.0-beta.3",
      "resolved": "https://registry.npmjs.org/@flowtyio/flow-contracts/-/flow-contracts-0.1.0-beta.3.tgz",
      "integrity": "sha512-AvhA8P1+G0NugPup0/kK8GbeIytLUBm67zm3HbkNGfYELTOAXThjpnuW/3CH645I7z/8Rljh6mXeXM5WrWQigA==",
      "dependencies": {
        "commander": "^11.0.0"
      },
      "bin": {
        "flow-contracts": "index.js"
      }
    },
    "node_modules/commander": {
      "version": "11.1.0",
      "resolved": "https://registry.npmjs.org/commander/-/commander-11.1.0.tgz",
      "integrity": "sha512-yPVavfyCcRhmorC7rWlkHn15b4wDVgVmBA7kV4QVBsF7kv/9TKJAbAXVTxvTnwP8HHKjRCJDClKbciiYS7p0DQ==",
      "engines": {
        "node": ">=16"
      }
    }
  },
  "dependencies": {
    "@flowtyio/flow-contracts": {
      "version": "0.1.0-beta.3",
      "resolved": "https://registry.npmjs.org/@flowtyio/flow-contracts/-/flow-contracts-0.1.0-beta.3.tgz",
      "integrity": "sha512-AvhA8P1+G0NugPup0/kK8GbeIytLUBm67zm3HbkNGfYELTOAXThjpnuW/3CH645I7z/8Rljh6mXeXM5WrWQigA==",
      "requires": {
        "commander": "^11.0.0"
      }
    },
    "commander": {
      "version": "11.1.0",
      "resolved": "https://registry.npmjs.org/commander/-/commander-11.1.0.tgz",
      "integrity": "sha512-yPVavfyCcRhmorC7rWlkHn15b4wDVgVmBA7kV4QVBsF7kv/9TKJAbAXVTxvTnwP8HHKjRCJDClKbciiYS7p0DQ=="
    }
  }
}
